
Microsoft Visual Studio Solution File, Format Version 12.00
# Visual Studio Version 17
VisualStudioVersion = 17.6.33815.320
MinimumVisualStudioVersion = 10.0.40219.1
Project("{FAE04EC0-301F-11D3-BF4B-00C04F79EFBC}") = "OtusHomeWork7", "OtusHomeWork7\OtusHomeWork7.csproj", "{EA01FC5F-E08E-44C1-B0A2-41B4509998EC}"
EndProject
Global
	GlobalSection(SolutionConfigurationPlatforms) = preSolution
		Debug|Any CPU = Debug|Any CPU
		Release|Any CPU = Release|Any CPU
	EndGlobalSection
	GlobalSection(ProjectConfigurationPlatforms) = postSolution
		{EA01FC5F-E08E-44C1-B0A2-41B4509998EC}.Debug|Any CPU.ActiveCfg = Debug|Any CPU
		{EA01FC5F-E08E-44C1-B0A2-41B4509998EC}.Debug|Any CPU.Build.0 = Debug|Any CPU
		{EA01FC5F-E08E-44C1-B0A2-41B4509998EC}.Release|Any CPU.ActiveCfg = Release|Any CPU
		{EA01FC5F-E08E-44C1-B0A2-41B4509998EC}.Release|Any CPU.Build.0 = Release|Any CPU
	EndGlobalSection
	GlobalSection(SolutionProperties) = preSolution
		HideSolutionNode = FALSE
	EndGlobalSection
	GlobalSection(ExtensibilityGlobals) = postSolution
		SolutionGuid = {BBF6B58F-D9B9-461B-BAB8-48637E8BC1DD}
	EndGlobalSection
EndGlobal
